
Microsoft Visual Studio Solution File, Format Version 12.00
# Visual Studio Version 17
VisualStudioVersion = 17.2.32630.192
MinimumVisualStudioVersion = 10.0.40219.1
Project("{FAE04EC0-301F-11D3-BF4B-00C04F79EFBC}") = "MergeSort69", "MergeSort69.csproj", "{174C3CBE-7B46-4F8C-8763-2A6E9A96D646}"
EndProject
Global
	GlobalSection(SolutionConfigurationPlatforms) = preSolution
		Debug|Any CPU = Debug|Any CPU
		Release|Any CPU = Release|Any CPU
	EndGlobalSection
	GlobalSection(ProjectConfigurationPlatforms) = postSolution
		{174C3CBE-7B46-4F8C-8763-2A6E9A96D646}.Debug|Any CPU.ActiveCfg = Debug|Any CPU
		{174C3CBE-7B46-4F8C-8763-2A6E9A96D646}.Debug|Any CPU.Build.0 = Debug|Any CPU
		{174C3CBE-7B46-4F8C-8763-2A6E9A96D646}.Release|Any CPU.ActiveCfg = Release|Any CPU
		{174C3CBE-7B46-4F8C-8763-2A6E9A96D646}.Release|Any CPU.Build.0 = Release|Any CPU
	EndGlobalSection
	GlobalSection(SolutionProperties) = preSolution
		HideSolutionNode = FALSE
	EndGlobalSection
	GlobalSection(ExtensibilityGlobals) = postSolution
		SolutionGuid = {42911A78-647D-490C-80DC-10ED49789534}
	EndGlobalSection
EndGlobal
